
Microsoft Visual Studio Solution File, Format Version 12.00
# Visual Studio 15
VisualStudioVersion = 15.0.28307.572
MinimumVisualStudioVersion = 10.0.40219.1
Project("{262852C6-CD72-467D-83FE-5EEB1973A190}") = "U106B242_U106B220FinalTravel", "U106B242FinalTravel\U106B242_U106B220FinalTravel.jsproj", "{4119B95D-401C-444E-A3EB-4E709E737569}"
EndProject
Global
	GlobalSection(SolutionConfigurationPlatforms) = preSolution
		Debug|Android = Debug|Android
		Debug|iOS = Debug|iOS
		Debug|Windows-ARM = Debug|Windows-ARM
		Debug|Windows-x64 = Debug|Windows-x64
		Debug|Windows-x86 = Debug|Windows-x86
		Release|Android = Release|Android
		Release|iOS = Release|iOS
		Release|Windows-ARM = Release|Windows-ARM
		Release|Windows-x64 = Release|Windows-x64
		Release|Windows-x86 = Release|Windows-x86
	EndGlobalSection
	GlobalSection(ProjectConfigurationPlatforms) = postSolution
		{4119B95D-401C-444E-A3EB-4E709E737569}.Debug|Android.ActiveCfg = Debug|Android
		{4119B95D-401C-444E-A3EB-4E709E737569}.Debug|Android.Build.0 = Debug|Android
		{4119B95D-401C-444E-A3EB-4E709E737569}.Debug|Android.Deploy.0 = Debug|Android
		{4119B95D-401C-444E-A3EB-4E709E737569}.Debug|iOS.ActiveCfg = Debug|iOS
		{4119B95D-401C-444E-A3EB-4E709E737569}.Debug|iOS.Build.0 = Debug|iOS
		{4119B95D-401C-444E-A3EB-4E709E737569}.Debug|iOS.Deploy.0 = Debug|iOS
		{4119B95D-401C-444E-A3EB-4E709E737569}.Debug|Windows-ARM.ActiveCfg = Debug|Windows-ARM
		{4119B95D-401C-444E-A3EB-4E709E737569}.Debug|Windows-ARM.Build.0 = Debug|Windows-ARM
		{4119B95D-401C-444E-A3EB-4E709E737569}.Debug|Windows-ARM.Deploy.0 = Debug|Windows-ARM
		{4119B95D-401C-444E-A3EB-4E709E737569}.Debug|Windows-x64.ActiveCfg = Debug|Windows-x64
		{4119B95D-401C-444E-A3EB-4E709E737569}.Debug|Windows-x64.Build.0 = Debug|Windows-x64
		{4119B95D-401C-444E-A3EB-4E709E737569}.Debug|Windows-x64.Deploy.0 = Debug|Windows-x64
		{4119B95D-401C-444E-A3EB-4E709E737569}.Debug|Windows-x86.ActiveCfg = Debug|Windows-x86
		{4119B95D-401C-444E-A3EB-4E709E737569}.Debug|Windows-x86.Build.0 = Debug|Windows-x86
		{4119B95D-401C-444E-A3EB-4E709E737569}.Debug|Windows-x86.Deploy.0 = Debug|Windows-x86
		{4119B95D-401C-444E-A3EB-4E709E737569}.Release|Android.ActiveCfg = Release|Android
		{4119B95D-401C-444E-A3EB-4E709E737569}.Release|Android.Build.0 = Release|Android
		{4119B95D-401C-444E-A3EB-4E709E737569}.Release|Android.Deploy.0 = Release|Android
		{4119B95D-401C-444E-A3EB-4E709E737569}.Release|iOS.ActiveCfg = Release|iOS
		{4119B95D-401C-444E-A3EB-4E709E737569}.Release|iOS.Build.0 = Release|iOS
		{4119B95D-401C-444E-A3EB-4E709E737569}.Release|iOS.Deploy.0 = Release|iOS
		{4119B95D-401C-444E-A3EB-4E709E737569}.Release|Windows-ARM.ActiveCfg = Release|Windows-ARM
		{4119B95D-401C-444E-A3EB-4E709E737569}.Release|Windows-ARM.Build.0 = Release|Windows-ARM
		{4119B95D-401C-444E-A3EB-4E709E737569}.Release|Windows-ARM.Deploy.0 = Release|Windows-ARM
		{4119B95D-401C-444E-A3EB-4E709E737569}.Release|Windows-x64.ActiveCfg = Release|Windows-x64
		{4119B95D-401C-444E-A3EB-4E709E737569}.Release|Windows-x64.Build.0 = Release|Windows-x64
		{4119B95D-401C-444E-A3EB-4E709E737569}.Release|Windows-x64.Deploy.0 = Release|Windows-x64
		{4119B95D-401C-444E-A3EB-4E709E737569}.Release|Windows-x86.ActiveCfg = Release|Windows-x86
		{4119B95D-401C-444E-A3EB-4E709E737569}.Release|Windows-x86.Build.0 = Release|Windows-x86
		{4119B95D-401C-444E-A3EB-4E709E737569}.Release|Windows-x86.Deploy.0 = Release|Windows-x86
	EndGlobalSection
	GlobalSection(SolutionProperties) = preSolution
		HideSolutionNode = FALSE
	EndGlobalSection
	GlobalSection(ExtensibilityGlobals) = postSolution
		SolutionGuid = {FC7BF614-BE8A-4115-8DA7-9D97F4B6AD76}
	EndGlobalSection
EndGlobal
